# THIS IS AN AUTOGENERATED FILE. DO NOT EDIT THIS FILE DIRECTLY.
# yarn lockfile v1


jquery@~2.1:
  version "2.1.4"
  resolved "https://registry.yarnpkg.com/jquery/-/jquery-2.1.4.tgz#228bde698a0c61431dc2630a6a154f15890d2317"

maplace-js@^0.2.10:
  version "0.2.10"
  resolved "https://registry.yarnpkg.com/maplace-js/-/maplace-js-0.2.10.tgz#fde7a314d0fed824d0b527b3c039c48d57f2a730"
  dependencies:
    jquery "~2.1"
